PODS:
  - AFNetworking (2.2.3):
    - AFNetworking/NSURLConnection
    - AFNetworking/NSURLSession
    - AFNetworking/Reachability
    - AFNetworking/Security
    - AFNetworking/Serialization
    - AFNetworking/UIKit
  - AFNetworking/NSURLConnection (2.2.3):
    - AFNetworking/Reachability
    - AFNetworking/Security
    - AFNetworking/Serialization
  - AFNetworking/NSURLSession (2.2.3):
    - AFNetworking/NSURLConnection
  - AFNetworking/Reachability (2.2.3)
  - AFNetworking/Security (2.2.3)
  - AFNetworking/Serialization (2.2.3)
  - AFNetworking/UIKit (2.2.3):
    - AFNetworking/NSURLConnection
    - AFNetworking/NSURLSession
  - JTSImageViewController (1.1.1)

DEPENDENCIES:
  - AFNetworking
  - JTSImageViewController

SPEC CHECKSUMS:
  AFNetworking: ae513199cca79e9d7af2708ccabe2ed075550c42
  JTSImageViewController: adabb94f1fe52b22cef2b3b0fe803f47d1cea889

COCOAPODS: 0.32.1
